
Microsoft Visual Studio Solution File, Format Version 12.00
# Visual Studio 14
VisualStudioVersion = 14.0.25420.1
MinimumVisualStudioVersion = 10.0.40219.1
Project("{FAE04EC0-301F-11D3-BF4B-00C04F79EFBC}") = "Affichage", "Affichage\Affichage.csproj", "{4D4F6B53-5E15-4C3B-BCD6-9ADE8D000ADC}"
EndProject
Project("{FAE04EC0-301F-11D3-BF4B-00C04F79EFBC}") = "WS", "WS\WS.csproj", "{5861D8DE-3A96-46CD-897C-94002CE3E05C}"
EndProject
Global
	GlobalSection(SolutionConfigurationPlatforms) = preSolution
		Debug|Any CPU = Debug|Any CPU
		Release|Any CPU = Release|Any CPU
	EndGlobalSection
	GlobalSection(ProjectConfigurationPlatforms) = postSolution
		{4D4F6B53-5E15-4C3B-BCD6-9ADE8D000ADC}.Debug|Any CPU.ActiveCfg = Debug|Any CPU
		{4D4F6B53-5E15-4C3B-BCD6-9ADE8D000ADC}.Debug|Any CPU.Build.0 = Debug|Any CPU
		{4D4F6B53-5E15-4C3B-BCD6-9ADE8D000ADC}.Release|Any CPU.ActiveCfg = Release|Any CPU
		{4D4F6B53-5E15-4C3B-BCD6-9ADE8D000ADC}.Release|Any CPU.Build.0 = Release|Any CPU
		{5861D8DE-3A96-46CD-897C-94002CE3E05C}.Debug|Any CPU.ActiveCfg = Debug|Any CPU
		{5861D8DE-3A96-46CD-897C-94002CE3E05C}.Debug|Any CPU.Build.0 = Debug|Any CPU
		{5861D8DE-3A96-46CD-897C-94002CE3E05C}.Release|Any CPU.ActiveCfg = Release|Any CPU
		{5861D8DE-3A96-46CD-897C-94002CE3E05C}.Release|Any CPU.Build.0 = Release|Any CPU
	EndGlobalSection
	GlobalSection(SolutionProperties) = preSolution
		HideSolutionNode = FALSE
	EndGlobalSection
EndGlobal
